loading:
  cmd: python scripts/processing/load.py data/interim/df_general.gzip
  deps:
  - path: scripts/processing/load.py
    md5: 4f99380aa56a132def5b192c8d660604
  outs:
  - path: data/interim/df_general.gzip
    md5: e176e014c286e1a792c89aed63d5db9a
preprocess:
  cmd: python scripts/processing/preprocess.py data/preprocessed/df_final.gzip
  deps:
  - path: scripts/processing/preprocess.py
    md5: f23972f7aaa143218f9e48af87b1fd86
  outs:
  - path: data/preprocessed/df_final.gzip
    md5: 7b3db5035c3379b5d783adc5e2766cdd
reporting:
  cmd: python scripts/report/report_execution.py notebooks/Analysis.ipynb
  deps:
  - path: notebooks/Analysis.ipynb
    md5: 34d94c264b2e073f8f13905ecbedc93f
  - path: scripts/report/report_execution.py
    md5: c5c61cd2a0d70150f5952379c5628e11
